
Microsoft Visual Studio Solution File, Format Version 12.00
# Visual Studio Version 17
VisualStudioVersion = 17.0.32014.148
MinimumVisualStudioVersion = 10.0.40219.1
Project("{FAE04EC0-301F-11D3-BF4B-00C04F79EFBC}") = "ConcurrentMultithreadedAsynchronous", "ConcurrentMultithreadedAsynchronous\ConcurrentMultithreadedAsynchronous.csproj", "{3A0BE913-391D-41AE-825E-A07DAB5EEFE7}"
EndProject
Global
	GlobalSection(SolutionConfigurationPlatforms) = preSolution
		Debug|Any CPU = Debug|Any CPU
		Release|Any CPU = Release|Any CPU
	EndGlobalSection
	GlobalSection(ProjectConfigurationPlatforms) = postSolution
		{3A0BE913-391D-41AE-825E-A07DAB5EEFE7}.Debug|Any CPU.ActiveCfg = Debug|Any CPU
		{3A0BE913-391D-41AE-825E-A07DAB5EEFE7}.Debug|Any CPU.Build.0 = Debug|Any CPU
		{3A0BE913-391D-41AE-825E-A07DAB5EEFE7}.Release|Any CPU.ActiveCfg = Release|Any CPU
		{3A0BE913-391D-41AE-825E-A07DAB5EEFE7}.Release|Any CPU.Build.0 = Release|Any CPU
	EndGlobalSection
	GlobalSection(SolutionProperties) = preSolution
		HideSolutionNode = FALSE
	EndGlobalSection
	GlobalSection(ExtensibilityGlobals) = postSolution
		SolutionGuid = {3F2185E4-168D-42EF-9FF6-36B8BF50AF65}
	EndGlobalSection
EndGlobal
